
Microsoft Visual Studio Solution File, Format Version 12.00
# Visual Studio Version 17
VisualStudioVersion = 17.6.33829.357
MinimumVisualStudioVersion = 10.0.40219.1
Project("{9A19103F-16F7-4668-BE54-9A1E7A4F7556}") = "Dalfsen", "Dalfsen\Dalfsen.csproj", "{919CA80B-AB15-4D86-9EEA-DA5487A01CAE}"
EndProject
Project("{9A19103F-16F7-4668-BE54-9A1E7A4F7556}") = "Dalfsen.Core", "Dalfsen.Core\Dalfsen.Core.csproj", "{3F08B357-A59C-451C-B286-B3339AA5E7E8}"
EndProject
Global
	GlobalSection(SolutionConfigurationPlatforms) = preSolution
		Debug|Any CPU = Debug|Any CPU
		Debug|arm64 = Debug|arm64
		Debug|x64 = Debug|x64
		Debug|x86 = Debug|x86
		Release|Any CPU = Release|Any CPU
		Release|arm64 = Release|arm64
		Release|x64 = Release|x64
		Release|x86 = Release|x86
	EndGlobalSection
	GlobalSection(ProjectConfigurationPlatforms) = postSolution
		{919CA80B-AB15-4D86-9EEA-DA5487A01CAE}.Debug|Any CPU.ActiveCfg = Debug|x64
		{919CA80B-AB15-4D86-9EEA-DA5487A01CAE}.Debug|Any CPU.Build.0 = Debug|x64
		{919CA80B-AB15-4D86-9EEA-DA5487A01CAE}.Debug|Any CPU.Deploy.0 = Debug|x64
		{919CA80B-AB15-4D86-9EEA-DA5487A01CAE}.Debug|arm64.ActiveCfg = Debug|arm64
		{919CA80B-AB15-4D86-9EEA-DA5487A01CAE}.Debug|arm64.Build.0 = Debug|arm64
		{919CA80B-AB15-4D86-9EEA-DA5487A01CAE}.Debug|arm64.Deploy.0 = Debug|arm64
		{919CA80B-AB15-4D86-9EEA-DA5487A01CAE}.Debug|x64.ActiveCfg = Debug|x64
		{919CA80B-AB15-4D86-9EEA-DA5487A01CAE}.Debug|x64.Build.0 = Debug|x64
		{919CA80B-AB15-4D86-9EEA-DA5487A01CAE}.Debug|x64.Deploy.0 = Debug|x64
		{919CA80B-AB15-4D86-9EEA-DA5487A01CAE}.Debug|x86.ActiveCfg = Debug|x86
		{919CA80B-AB15-4D86-9EEA-DA5487A01CAE}.Debug|x86.Build.0 = Debug|x86
		{919CA80B-AB15-4D86-9EEA-DA5487A01CAE}.Debug|x86.Deploy.0 = Debug|x86
		{919CA80B-AB15-4D86-9EEA-DA5487A01CAE}.Release|Any CPU.ActiveCfg = Release|x64
		{919CA80B-AB15-4D86-9EEA-DA5487A01CAE}.Release|Any CPU.Build.0 = Release|x64
		{919CA80B-AB15-4D86-9EEA-DA5487A01CAE}.Release|Any CPU.Deploy.0 = Release|x64
		{919CA80B-AB15-4D86-9EEA-DA5487A01CAE}.Release|arm64.ActiveCfg = Release|arm64
		{919CA80B-AB15-4D86-9EEA-DA5487A01CAE}.Release|arm64.Build.0 = Release|arm64
		{919CA80B-AB15-4D86-9EEA-DA5487A01CAE}.Release|arm64.Deploy.0 = Release|arm64
		{919CA80B-AB15-4D86-9EEA-DA5487A01CAE}.Release|x64.ActiveCfg = Release|x64
		{919CA80B-AB15-4D86-9EEA-DA5487A01CAE}.Release|x64.Build.0 = Release|x64
		{919CA80B-AB15-4D86-9EEA-DA5487A01CAE}.Release|x64.Deploy.0 = Release|x64
		{919CA80B-AB15-4D86-9EEA-DA5487A01CAE}.Release|x86.ActiveCfg = Release|x86
		{919CA80B-AB15-4D86-9EEA-DA5487A01CAE}.Release|x86.Build.0 = Release|x86
		{919CA80B-AB15-4D86-9EEA-DA5487A01CAE}.Release|x86.Deploy.0 = Release|x86
		{3F08B357-A59C-451C-B286-B3339AA5E7E8}.Debug|Any CPU.ActiveCfg = Debug|Any CPU
		{3F08B357-A59C-451C-B286-B3339AA5E7E8}.Debug|Any CPU.Build.0 = Debug|Any CPU
		{3F08B357-A59C-451C-B286-B3339AA5E7E8}.Debug|arm64.ActiveCfg = Debug|arm64
		{3F08B357-A59C-451C-B286-B3339AA5E7E8}.Debug|arm64.Build.0 = Debug|arm64
		{3F08B357-A59C-451C-B286-B3339AA5E7E8}.Debug|x64.ActiveCfg = Debug|x64
		{3F08B357-A59C-451C-B286-B3339AA5E7E8}.Debug|x64.Build.0 = Debug|x64
		{3F08B357-A59C-451C-B286-B3339AA5E7E8}.Debug|x86.ActiveCfg = Debug|x86
		{3F08B357-A59C-451C-B286-B3339AA5E7E8}.Debug|x86.Build.0 = Debug|x86
		{3F08B357-A59C-451C-B286-B3339AA5E7E8}.Release|Any CPU.ActiveCfg = Release|Any CPU
		{3F08B357-A59C-451C-B286-B3339AA5E7E8}.Release|Any CPU.Build.0 = Release|Any CPU
		{3F08B357-A59C-451C-B286-B3339AA5E7E8}.Release|arm64.ActiveCfg = Release|arm64
		{3F08B357-A59C-451C-B286-B3339AA5E7E8}.Release|arm64.Build.0 = Release|arm64
		{3F08B357-A59C-451C-B286-B3339AA5E7E8}.Release|x64.ActiveCfg = Release|x64
		{3F08B357-A59C-451C-B286-B3339AA5E7E8}.Release|x64.Build.0 = Release|x64
		{3F08B357-A59C-451C-B286-B3339AA5E7E8}.Release|x86.ActiveCfg = Release|x86
		{3F08B357-A59C-451C-B286-B3339AA5E7E8}.Release|x86.Build.0 = Release|x86
	EndGlobalSection
	GlobalSection(SolutionProperties) = preSolution
		HideSolutionNode = FALSE
	EndGlobalSection
	GlobalSection(ExtensibilityGlobals) = postSolution
		SolutionGuid = {54C3B312-9AB6-4A65-A1EC-C5FF4A60C48C}
	EndGlobalSection
EndGlobal
