
Microsoft Visual Studio Solution File, Format Version 12.00
# Visual Studio Version 17
VisualStudioVersion = 17.6.33829.357
MinimumVisualStudioVersion = 10.0.40219.1
Project("{9A19103F-16F7-4668-BE54-9A1E7A4F7556}") = "Bestandenselektie.HKD", "Bestandenselektie.HKD\Bestandenselektie.HKD.csproj", "{AEE68433-FFC9-4FAF-8970-17A36D1BF19C}"
EndProject
Global
	GlobalSection(SolutionConfigurationPlatforms) = preSolution
		Debug|Any CPU = Debug|Any CPU
		Release|Any CPU = Release|Any CPU
	EndGlobalSection
	GlobalSection(ProjectConfigurationPlatforms) = postSolution
		{AEE68433-FFC9-4FAF-8970-17A36D1BF19C}.Debug|Any CPU.ActiveCfg = Debug|Any CPU
		{AEE68433-FFC9-4FAF-8970-17A36D1BF19C}.Debug|Any CPU.Build.0 = Debug|Any CPU
		{AEE68433-FFC9-4FAF-8970-17A36D1BF19C}.Release|Any CPU.ActiveCfg = Release|Any CPU
		{AEE68433-FFC9-4FAF-8970-17A36D1BF19C}.Release|Any CPU.Build.0 = Release|Any CPU
	EndGlobalSection
	GlobalSection(SolutionProperties) = preSolution
		HideSolutionNode = FALSE
	EndGlobalSection
	GlobalSection(ExtensibilityGlobals) = postSolution
		SolutionGuid = {3111013D-B883-4D54-B522-9B4DC64189ED}
	EndGlobalSection
EndGlobal
