
Microsoft Visual Studio Solution File, Format Version 12.00
# Visual Studio Version 17
VisualStudioVersion = 17.6.33829.357
MinimumVisualStudioVersion = 10.0.40219.1
Project("{9A19103F-16F7-4668-BE54-9A1E7A4F7556}") = "Dalfsen.UI", "Dalfsen.UI\Dalfsen.UI.csproj", "{915BA0F6-5E5E-4A45-8BE4-0FDFA5D904EB}"
EndProject
Project("{9A19103F-16F7-4668-BE54-9A1E7A4F7556}") = "Dalfsen.UI.Desktop", "Dalfsen.UI.Desktop\Dalfsen.UI.Desktop.csproj", "{D945D06F-B7F8-407F-B0CD-B7588C939ED8}"
EndProject
Global
	GlobalSection(SolutionConfigurationPlatforms) = preSolution
		Debug|Any CPU = Debug|Any CPU
		Release|Any CPU = Release|Any CPU
	EndGlobalSection
	GlobalSection(ProjectConfigurationPlatforms) = postSolution
		{915BA0F6-5E5E-4A45-8BE4-0FDFA5D904EB}.Debug|Any CPU.ActiveCfg = Debug|Any CPU
		{915BA0F6-5E5E-4A45-8BE4-0FDFA5D904EB}.Debug|Any CPU.Build.0 = Debug|Any CPU
		{915BA0F6-5E5E-4A45-8BE4-0FDFA5D904EB}.Release|Any CPU.ActiveCfg = Release|Any CPU
		{915BA0F6-5E5E-4A45-8BE4-0FDFA5D904EB}.Release|Any CPU.Build.0 = Release|Any CPU
		{D945D06F-B7F8-407F-B0CD-B7588C939ED8}.Debug|Any CPU.ActiveCfg = Debug|Any CPU
		{D945D06F-B7F8-407F-B0CD-B7588C939ED8}.Debug|Any CPU.Build.0 = Debug|Any CPU
		{D945D06F-B7F8-407F-B0CD-B7588C939ED8}.Release|Any CPU.ActiveCfg = Release|Any CPU
		{D945D06F-B7F8-407F-B0CD-B7588C939ED8}.Release|Any CPU.Build.0 = Release|Any CPU
	EndGlobalSection
	GlobalSection(SolutionProperties) = preSolution
		HideSolutionNode = FALSE
	EndGlobalSection
	GlobalSection(ExtensibilityGlobals) = postSolution
		SolutionGuid = {7E3C041E-1E8F-42AA-8A7A-57F15CEF70D2}
	EndGlobalSection
EndGlobal
